---
MainSourceFile:  '/home/saif/Documents/aigc_vul_patterns/derived/cpp/human/soln2/00002/0039_1097_B._Petr_and_a_Combination_Lock.cpp'
Diagnostics:
  - DiagnosticName:  modernize-use-trailing-return-type
    DiagnosticMessage:
      Message:         use a trailing return type for this function
      FilePath:        '/home/saif/Documents/aigc_vul_patterns/derived/cpp/human/soln2/00002/0039_1097_B._Petr_and_a_Combination_Lock.cpp'
      FileOffset:      147
      Replacements:
        - FilePath:        '/home/saif/Documents/aigc_vul_patterns/derived/cpp/human/soln2/00002/0039_1097_B._Petr_and_a_Combination_Lock.cpp'
          Offset:          144
          Length:          2
          ReplacementText: auto
        - FilePath:        '/home/saif/Documents/aigc_vul_patterns/derived/cpp/human/soln2/00002/0039_1097_B._Petr_and_a_Combination_Lock.cpp'
          Offset:          162
          Length:          0
          ReplacementText: ' -> ll'
    Level:           Warning
    BuildDirectory:  '/home/saif/Documents/aigc_vul_patterns'
  - DiagnosticName:  bugprone-easily-swappable-parameters
    DiagnosticMessage:
      Message:         '2 adjacent parameters of ''pow'' of similar type (''ll'') are easily swapped by mistake'
      FilePath:        '/home/saif/Documents/aigc_vul_patterns/derived/cpp/human/soln2/00002/0039_1097_B._Petr_and_a_Combination_Lock.cpp'
      FileOffset:      151
      Replacements:    []
      Ranges:
        - FilePath:        '/home/saif/Documents/aigc_vul_patterns/derived/cpp/human/soln2/00002/0039_1097_B._Petr_and_a_Combination_Lock.cpp'
          FileOffset:      151
          Length:          10
    Notes:
      - Message:         'the first parameter in the range is ''a'''
        FilePath:        '/home/saif/Documents/aigc_vul_patterns/derived/cpp/human/soln2/00002/0039_1097_B._Petr_and_a_Combination_Lock.cpp'
        FileOffset:      154
        Replacements:    []
        Ranges:
          - FilePath:        '/home/saif/Documents/aigc_vul_patterns/derived/cpp/human/soln2/00002/0039_1097_B._Petr_and_a_Combination_Lock.cpp'
            FileOffset:      154
            Length:          1
      - Message:         'the last parameter in the range is ''b'''
        FilePath:        '/home/saif/Documents/aigc_vul_patterns/derived/cpp/human/soln2/00002/0039_1097_B._Petr_and_a_Combination_Lock.cpp'
        FileOffset:      160
        Replacements:    []
        Ranges:
          - FilePath:        '/home/saif/Documents/aigc_vul_patterns/derived/cpp/human/soln2/00002/0039_1097_B._Petr_and_a_Combination_Lock.cpp'
            FileOffset:      160
            Length:          1
    Level:           Warning
    BuildDirectory:  '/home/saif/Documents/aigc_vul_patterns'
  - DiagnosticName:  modernize-use-trailing-return-type
    DiagnosticMessage:
      Message:         use a trailing return type for this function
      FilePath:        '/home/saif/Documents/aigc_vul_patterns/derived/cpp/human/soln2/00002/0039_1097_B._Petr_and_a_Combination_Lock.cpp'
      FileOffset:      312
      Replacements:
        - FilePath:        '/home/saif/Documents/aigc_vul_patterns/derived/cpp/human/soln2/00002/0039_1097_B._Petr_and_a_Combination_Lock.cpp'
          Offset:          309
          Length:          2
          ReplacementText: auto
        - FilePath:        '/home/saif/Documents/aigc_vul_patterns/derived/cpp/human/soln2/00002/0039_1097_B._Petr_and_a_Combination_Lock.cpp'
          Offset:          327
          Length:          0
          ReplacementText: ' -> ll'
    Level:           Warning
    BuildDirectory:  '/home/saif/Documents/aigc_vul_patterns'
  - DiagnosticName:  modernize-use-bool-literals
    DiagnosticMessage:
      Message:         converting integer literal to bool, use bool literal instead
      FilePath:        '/home/saif/Documents/aigc_vul_patterns/derived/cpp/human/soln2/00002/0039_1097_B._Petr_and_a_Combination_Lock.cpp'
      FileOffset:      406
      Replacements:
        - FilePath:        '/home/saif/Documents/aigc_vul_patterns/derived/cpp/human/soln2/00002/0039_1097_B._Petr_and_a_Combination_Lock.cpp'
          Offset:          406
          Length:          1
          ReplacementText: 'false'
    Level:           Warning
    BuildDirectory:  '/home/saif/Documents/aigc_vul_patterns'
  - DiagnosticName:  modernize-use-nullptr
    DiagnosticMessage:
      Message:         use nullptr
      FilePath:        '/home/saif/Documents/aigc_vul_patterns/derived/cpp/human/soln2/00002/0039_1097_B._Petr_and_a_Combination_Lock.cpp'
      FileOffset:      420
      Replacements:
        - FilePath:        '/home/saif/Documents/aigc_vul_patterns/derived/cpp/human/soln2/00002/0039_1097_B._Petr_and_a_Combination_Lock.cpp'
          Offset:          420
          Length:          1
          ReplacementText: nullptr
    Level:           Warning
    BuildDirectory:  '/home/saif/Documents/aigc_vul_patterns'
  - DiagnosticName:  modernize-use-nullptr
    DiagnosticMessage:
      Message:         use nullptr
      FilePath:        '/home/saif/Documents/aigc_vul_patterns/derived/cpp/human/soln2/00002/0039_1097_B._Petr_and_a_Combination_Lock.cpp'
      FileOffset:      435
      Replacements:
        - FilePath:        '/home/saif/Documents/aigc_vul_patterns/derived/cpp/human/soln2/00002/0039_1097_B._Petr_and_a_Combination_Lock.cpp'
          Offset:          435
          Length:          1
          ReplacementText: nullptr
    Level:           Warning
    BuildDirectory:  '/home/saif/Documents/aigc_vul_patterns'
  - DiagnosticName:  performance-avoid-endl
    DiagnosticMessage:
      Message:         'do not use ''endl'' with streams; use ''\n'' instead'
      FilePath:        '/home/saif/Documents/aigc_vul_patterns/derived/cpp/human/soln2/00002/0039_1097_B._Petr_and_a_Combination_Lock.cpp'
      FileOffset:      890
      Replacements:
        - FilePath:        '/home/saif/Documents/aigc_vul_patterns/derived/cpp/human/soln2/00002/0039_1097_B._Petr_and_a_Combination_Lock.cpp'
          Offset:          890
          Length:          4
          ReplacementText: '''\n'''
    Level:           Warning
    BuildDirectory:  '/home/saif/Documents/aigc_vul_patterns'
  - DiagnosticName:  modernize-use-trailing-return-type
    DiagnosticMessage:
      Message:         use a trailing return type for this function
      FilePath:        '/home/saif/Documents/aigc_vul_patterns/derived/cpp/human/soln2/00002/0039_1097_B._Petr_and_a_Combination_Lock.cpp'
      FileOffset:      902
      Replacements:
        - FilePath:        '/home/saif/Documents/aigc_vul_patterns/derived/cpp/human/soln2/00002/0039_1097_B._Petr_and_a_Combination_Lock.cpp'
          Offset:          898
          Length:          3
          ReplacementText: auto
        - FilePath:        '/home/saif/Documents/aigc_vul_patterns/derived/cpp/human/soln2/00002/0039_1097_B._Petr_and_a_Combination_Lock.cpp'
          Offset:          908
          Length:          0
          ReplacementText: ' -> int'
    Level:           Warning
    BuildDirectory:  '/home/saif/Documents/aigc_vul_patterns'
...
