---
MainSourceFile:  '/home/saif/Documents/aigc_vul_patterns/derived/cpp/human/soln2/00002/0234_149_B._Martian_Clock.cpp'
Diagnostics:
  - DiagnosticName:  modernize-avoid-c-arrays
    DiagnosticMessage:
      Message:         'do not declare C-style arrays, use ''std::array'' instead'
      FilePath:        '/home/saif/Documents/aigc_vul_patterns/derived/cpp/human/soln2/00002/0234_149_B._Martian_Clock.cpp'
      FileOffset:      46
      Replacements:    []
    Level:           Warning
    BuildDirectory:  '/home/saif/Documents/aigc_vul_patterns'
  - DiagnosticName:  modernize-use-trailing-return-type
    DiagnosticMessage:
      Message:         use a trailing return type for this function
      FilePath:        '/home/saif/Documents/aigc_vul_patterns/derived/cpp/human/soln2/00002/0234_149_B._Martian_Clock.cpp'
      FileOffset:      130
      Replacements:
        - FilePath:        '/home/saif/Documents/aigc_vul_patterns/derived/cpp/human/soln2/00002/0234_149_B._Martian_Clock.cpp'
          Offset:          116
          Length:          13
          ReplacementText: auto
        - FilePath:        '/home/saif/Documents/aigc_vul_patterns/derived/cpp/human/soln2/00002/0234_149_B._Martian_Clock.cpp'
          Offset:          146
          Length:          0
          ReplacementText: ' -> long long int'
    Level:           Warning
    BuildDirectory:  '/home/saif/Documents/aigc_vul_patterns'
  - DiagnosticName:  modernize-use-trailing-return-type
    DiagnosticMessage:
      Message:         use a trailing return type for this function
      FilePath:        '/home/saif/Documents/aigc_vul_patterns/derived/cpp/human/soln2/00002/0234_149_B._Martian_Clock.cpp'
      FileOffset:      461
      Replacements:
        - FilePath:        '/home/saif/Documents/aigc_vul_patterns/derived/cpp/human/soln2/00002/0234_149_B._Martian_Clock.cpp'
          Offset:          457
          Length:          3
          ReplacementText: auto
        - FilePath:        '/home/saif/Documents/aigc_vul_patterns/derived/cpp/human/soln2/00002/0234_149_B._Martian_Clock.cpp'
          Offset:          467
          Length:          0
          ReplacementText: ' -> int'
    Level:           Warning
    BuildDirectory:  '/home/saif/Documents/aigc_vul_patterns'
  - DiagnosticName:  modernize-use-nullptr
    DiagnosticMessage:
      Message:         use nullptr
      FilePath:        '/home/saif/Documents/aigc_vul_patterns/derived/cpp/human/soln2/00002/0234_149_B._Martian_Clock.cpp'
      FileOffset:      516
      Replacements:
        - FilePath:        '/home/saif/Documents/aigc_vul_patterns/derived/cpp/human/soln2/00002/0234_149_B._Martian_Clock.cpp'
          Offset:          516
          Length:          4
          ReplacementText: nullptr
    Level:           Warning
    BuildDirectory:  '/home/saif/Documents/aigc_vul_patterns'
  - DiagnosticName:  bugprone-narrowing-conversions
    DiagnosticMessage:
      Message:         'narrowing conversion from ''size_t'' (aka ''unsigned long'') to signed type ''long long'' is implementation-defined'
      FilePath:        '/home/saif/Documents/aigc_vul_patterns/derived/cpp/human/soln2/00002/0234_149_B._Martian_Clock.cpp'
      FileOffset:      831
      Replacements:    []
    Level:           Warning
    BuildDirectory:  '/home/saif/Documents/aigc_vul_patterns'
  - DiagnosticName:  bugprone-narrowing-conversions
    DiagnosticMessage:
      Message:         'narrowing conversion from ''size_t'' (aka ''unsigned long'') to signed type ''long long'' is implementation-defined'
      FilePath:        '/home/saif/Documents/aigc_vul_patterns/derived/cpp/human/soln2/00002/0234_149_B._Martian_Clock.cpp'
      FileOffset:      849
      Replacements:    []
    Level:           Warning
    BuildDirectory:  '/home/saif/Documents/aigc_vul_patterns'
  - DiagnosticName:  modernize-use-bool-literals
    DiagnosticMessage:
      Message:         converting integer literal to bool, use bool literal instead
      FilePath:        '/home/saif/Documents/aigc_vul_patterns/derived/cpp/human/soln2/00002/0234_149_B._Martian_Clock.cpp'
      FileOffset:      872
      Replacements:
        - FilePath:        '/home/saif/Documents/aigc_vul_patterns/derived/cpp/human/soln2/00002/0234_149_B._Martian_Clock.cpp'
          Offset:          872
          Length:          1
          ReplacementText: 'false'
    Level:           Warning
    BuildDirectory:  '/home/saif/Documents/aigc_vul_patterns'
  - DiagnosticName:  modernize-use-bool-literals
    DiagnosticMessage:
      Message:         converting integer literal to bool, use bool literal instead
      FilePath:        '/home/saif/Documents/aigc_vul_patterns/derived/cpp/human/soln2/00002/0234_149_B._Martian_Clock.cpp'
      FileOffset:      880
      Replacements:
        - FilePath:        '/home/saif/Documents/aigc_vul_patterns/derived/cpp/human/soln2/00002/0234_149_B._Martian_Clock.cpp'
          Offset:          880
          Length:          1
          ReplacementText: 'false'
    Level:           Warning
    BuildDirectory:  '/home/saif/Documents/aigc_vul_patterns'
  - DiagnosticName:  modernize-use-bool-literals
    DiagnosticMessage:
      Message:         converting integer literal to bool, use bool literal instead
      FilePath:        '/home/saif/Documents/aigc_vul_patterns/derived/cpp/human/soln2/00002/0234_149_B._Martian_Clock.cpp'
      FileOffset:      889
      Replacements:
        - FilePath:        '/home/saif/Documents/aigc_vul_patterns/derived/cpp/human/soln2/00002/0234_149_B._Martian_Clock.cpp'
          Offset:          889
          Length:          1
          ReplacementText: 'true'
    Level:           Warning
    BuildDirectory:  '/home/saif/Documents/aigc_vul_patterns'
  - DiagnosticName:  modernize-use-bool-literals
    DiagnosticMessage:
      Message:         converting integer literal to bool, use bool literal instead
      FilePath:        '/home/saif/Documents/aigc_vul_patterns/derived/cpp/human/soln2/00002/0234_149_B._Martian_Clock.cpp'
      FileOffset:      970
      Replacements:
        - FilePath:        '/home/saif/Documents/aigc_vul_patterns/derived/cpp/human/soln2/00002/0234_149_B._Martian_Clock.cpp'
          Offset:          970
          Length:          1
          ReplacementText: 'true'
    Level:           Warning
    BuildDirectory:  '/home/saif/Documents/aigc_vul_patterns'
  - DiagnosticName:  modernize-use-bool-literals
    DiagnosticMessage:
      Message:         converting integer literal to bool, use bool literal instead
      FilePath:        '/home/saif/Documents/aigc_vul_patterns/derived/cpp/human/soln2/00002/0234_149_B._Martian_Clock.cpp'
      FileOffset:      1000
      Replacements:
        - FilePath:        '/home/saif/Documents/aigc_vul_patterns/derived/cpp/human/soln2/00002/0234_149_B._Martian_Clock.cpp'
          Offset:          1000
          Length:          1
          ReplacementText: 'false'
    Level:           Warning
    BuildDirectory:  '/home/saif/Documents/aigc_vul_patterns'
  - DiagnosticName:  modernize-use-bool-literals
    DiagnosticMessage:
      Message:         converting integer literal to bool, use bool literal instead
      FilePath:        '/home/saif/Documents/aigc_vul_patterns/derived/cpp/human/soln2/00002/0234_149_B._Martian_Clock.cpp'
      FileOffset:      1085
      Replacements:
        - FilePath:        '/home/saif/Documents/aigc_vul_patterns/derived/cpp/human/soln2/00002/0234_149_B._Martian_Clock.cpp'
          Offset:          1085
          Length:          1
          ReplacementText: 'true'
    Level:           Warning
    BuildDirectory:  '/home/saif/Documents/aigc_vul_patterns'
  - DiagnosticName:  modernize-use-bool-literals
    DiagnosticMessage:
      Message:         converting integer literal to bool, use bool literal instead
      FilePath:        '/home/saif/Documents/aigc_vul_patterns/derived/cpp/human/soln2/00002/0234_149_B._Martian_Clock.cpp'
      FileOffset:      1115
      Replacements:
        - FilePath:        '/home/saif/Documents/aigc_vul_patterns/derived/cpp/human/soln2/00002/0234_149_B._Martian_Clock.cpp'
          Offset:          1115
          Length:          1
          ReplacementText: 'false'
    Level:           Warning
    BuildDirectory:  '/home/saif/Documents/aigc_vul_patterns'
  - DiagnosticName:  performance-avoid-endl
    DiagnosticMessage:
      Message:         'do not use ''endl'' with streams; use ''\n'' instead'
      FilePath:        '/home/saif/Documents/aigc_vul_patterns/derived/cpp/human/soln2/00002/0234_149_B._Martian_Clock.cpp'
      FileOffset:      1153
      Replacements:
        - FilePath:        '/home/saif/Documents/aigc_vul_patterns/derived/cpp/human/soln2/00002/0234_149_B._Martian_Clock.cpp'
          Offset:          1153
          Length:          4
          ReplacementText: '''\n'''
    Level:           Warning
    BuildDirectory:  '/home/saif/Documents/aigc_vul_patterns'
  - DiagnosticName:  bugprone-branch-clone
    DiagnosticMessage:
      Message:         repeated branch body in conditional chain
      FilePath:        '/home/saif/Documents/aigc_vul_patterns/derived/cpp/human/soln2/00002/0234_149_B._Martian_Clock.cpp'
      FileOffset:      1264
      Replacements:    []
    Notes:
      - Message:         end of the original
        FilePath:        '/home/saif/Documents/aigc_vul_patterns/derived/cpp/human/soln2/00002/0234_149_B._Martian_Clock.cpp'
        FileOffset:      1297
        Replacements:    []
      - Message:         clone 1 starts here
        FilePath:        '/home/saif/Documents/aigc_vul_patterns/derived/cpp/human/soln2/00002/0234_149_B._Martian_Clock.cpp'
        FileOffset:      1328
        Replacements:    []
    Level:           Warning
    BuildDirectory:  '/home/saif/Documents/aigc_vul_patterns'
  - DiagnosticName:  performance-avoid-endl
    DiagnosticMessage:
      Message:         'do not use ''endl'' with streams; use ''\n'' instead'
      FilePath:        '/home/saif/Documents/aigc_vul_patterns/derived/cpp/human/soln2/00002/0234_149_B._Martian_Clock.cpp'
      FileOffset:      1286
      Replacements:
        - FilePath:        '/home/saif/Documents/aigc_vul_patterns/derived/cpp/human/soln2/00002/0234_149_B._Martian_Clock.cpp'
          Offset:          1286
          Length:          4
          ReplacementText: '''\n'''
    Level:           Warning
    BuildDirectory:  '/home/saif/Documents/aigc_vul_patterns'
  - DiagnosticName:  performance-avoid-endl
    DiagnosticMessage:
      Message:         'do not use ''endl'' with streams; use ''\n'' instead'
      FilePath:        '/home/saif/Documents/aigc_vul_patterns/derived/cpp/human/soln2/00002/0234_149_B._Martian_Clock.cpp'
      FileOffset:      1350
      Replacements:
        - FilePath:        '/home/saif/Documents/aigc_vul_patterns/derived/cpp/human/soln2/00002/0234_149_B._Martian_Clock.cpp'
          Offset:          1350
          Length:          4
          ReplacementText: '''\n'''
    Level:           Warning
    BuildDirectory:  '/home/saif/Documents/aigc_vul_patterns'
  - DiagnosticName:  performance-avoid-endl
    DiagnosticMessage:
      Message:         'do not use ''endl'' with streams; use ''\n'' instead'
      FilePath:        '/home/saif/Documents/aigc_vul_patterns/derived/cpp/human/soln2/00002/0234_149_B._Martian_Clock.cpp'
      FileOffset:      1388
      Replacements:
        - FilePath:        '/home/saif/Documents/aigc_vul_patterns/derived/cpp/human/soln2/00002/0234_149_B._Martian_Clock.cpp'
          Offset:          1388
          Length:          4
          ReplacementText: '''\n'''
    Level:           Warning
    BuildDirectory:  '/home/saif/Documents/aigc_vul_patterns'
  - DiagnosticName:  performance-avoid-endl
    DiagnosticMessage:
      Message:         'do not use ''endl'' with streams; use ''\n'' instead'
      FilePath:        '/home/saif/Documents/aigc_vul_patterns/derived/cpp/human/soln2/00002/0234_149_B._Martian_Clock.cpp'
      FileOffset:      1877
      Replacements:
        - FilePath:        '/home/saif/Documents/aigc_vul_patterns/derived/cpp/human/soln2/00002/0234_149_B._Martian_Clock.cpp'
          Offset:          1877
          Length:          4
          ReplacementText: '''\n'''
    Level:           Warning
    BuildDirectory:  '/home/saif/Documents/aigc_vul_patterns'
  - DiagnosticName:  performance-avoid-endl
    DiagnosticMessage:
      Message:         'do not use ''endl'' with streams; use ''\n'' instead'
      FilePath:        '/home/saif/Documents/aigc_vul_patterns/derived/cpp/human/soln2/00002/0234_149_B._Martian_Clock.cpp'
      FileOffset:      1913
      Replacements:
        - FilePath:        '/home/saif/Documents/aigc_vul_patterns/derived/cpp/human/soln2/00002/0234_149_B._Martian_Clock.cpp'
          Offset:          1913
          Length:          4
          ReplacementText: '''\n'''
    Level:           Warning
    BuildDirectory:  '/home/saif/Documents/aigc_vul_patterns'
...
