---
MainSourceFile:  '/home/saif/Documents/aigc_vul_patterns/derived/cpp/gemma/gen_2/00002_2/0034_1097_B._Petr_and_a_Combination_Lock.cpp'
Diagnostics:
  - DiagnosticName:  modernize-use-trailing-return-type
    DiagnosticMessage:
      Message:         use a trailing return type for this function
      FilePath:        '/home/saif/Documents/aigc_vul_patterns/derived/cpp/gemma/gen_2/00002_2/0034_1097_B._Petr_and_a_Combination_Lock.cpp'
      FileOffset:      65
      Replacements:
        - FilePath:        '/home/saif/Documents/aigc_vul_patterns/derived/cpp/gemma/gen_2/00002_2/0034_1097_B._Petr_and_a_Combination_Lock.cpp'
          Offset:          61
          Length:          3
          ReplacementText: auto
        - FilePath:        '/home/saif/Documents/aigc_vul_patterns/derived/cpp/gemma/gen_2/00002_2/0034_1097_B._Petr_and_a_Combination_Lock.cpp'
          Offset:          71
          Length:          0
          ReplacementText: ' -> int'
    Level:           Warning
    BuildDirectory:  '/home/saif/Documents/aigc_vul_patterns'
  - DiagnosticName:  performance-avoid-endl
    DiagnosticMessage:
      Message:         'do not use ''endl'' with streams; use ''\n'' instead'
      FilePath:        '/home/saif/Documents/aigc_vul_patterns/derived/cpp/gemma/gen_2/00002_2/0034_1097_B._Petr_and_a_Combination_Lock.cpp'
      FileOffset:      308
      Replacements:
        - FilePath:        '/home/saif/Documents/aigc_vul_patterns/derived/cpp/gemma/gen_2/00002_2/0034_1097_B._Petr_and_a_Combination_Lock.cpp'
          Offset:          308
          Length:          4
          ReplacementText: '''\n'''
    Level:           Warning
    BuildDirectory:  '/home/saif/Documents/aigc_vul_patterns'
  - DiagnosticName:  performance-avoid-endl
    DiagnosticMessage:
      Message:         'do not use ''endl'' with streams; use ''\n'' instead'
      FilePath:        '/home/saif/Documents/aigc_vul_patterns/derived/cpp/gemma/gen_2/00002_2/0034_1097_B._Petr_and_a_Combination_Lock.cpp'
      FileOffset:      442
      Replacements:
        - FilePath:        '/home/saif/Documents/aigc_vul_patterns/derived/cpp/gemma/gen_2/00002_2/0034_1097_B._Petr_and_a_Combination_Lock.cpp'
          Offset:          442
          Length:          4
          ReplacementText: '''\n'''
    Level:           Warning
    BuildDirectory:  '/home/saif/Documents/aigc_vul_patterns'
  - DiagnosticName:  performance-avoid-endl
    DiagnosticMessage:
      Message:         'do not use ''endl'' with streams; use ''\n'' instead'
      FilePath:        '/home/saif/Documents/aigc_vul_patterns/derived/cpp/gemma/gen_2/00002_2/0034_1097_B._Petr_and_a_Combination_Lock.cpp'
      FileOffset:      572
      Replacements:
        - FilePath:        '/home/saif/Documents/aigc_vul_patterns/derived/cpp/gemma/gen_2/00002_2/0034_1097_B._Petr_and_a_Combination_Lock.cpp'
          Offset:          572
          Length:          4
          ReplacementText: '''\n'''
    Level:           Warning
    BuildDirectory:  '/home/saif/Documents/aigc_vul_patterns'
  - DiagnosticName:  performance-avoid-endl
    DiagnosticMessage:
      Message:         'do not use ''endl'' with streams; use ''\n'' instead'
      FilePath:        '/home/saif/Documents/aigc_vul_patterns/derived/cpp/gemma/gen_2/00002_2/0034_1097_B._Petr_and_a_Combination_Lock.cpp'
      FileOffset:      699
      Replacements:
        - FilePath:        '/home/saif/Documents/aigc_vul_patterns/derived/cpp/gemma/gen_2/00002_2/0034_1097_B._Petr_and_a_Combination_Lock.cpp'
          Offset:          699
          Length:          4
          ReplacementText: '''\n'''
    Level:           Warning
    BuildDirectory:  '/home/saif/Documents/aigc_vul_patterns'
  - DiagnosticName:  performance-avoid-endl
    DiagnosticMessage:
      Message:         'do not use ''endl'' with streams; use ''\n'' instead'
      FilePath:        '/home/saif/Documents/aigc_vul_patterns/derived/cpp/gemma/gen_2/00002_2/0034_1097_B._Petr_and_a_Combination_Lock.cpp'
      FileOffset:      748
      Replacements:
        - FilePath:        '/home/saif/Documents/aigc_vul_patterns/derived/cpp/gemma/gen_2/00002_2/0034_1097_B._Petr_and_a_Combination_Lock.cpp'
          Offset:          748
          Length:          4
          ReplacementText: '''\n'''
    Level:           Warning
    BuildDirectory:  '/home/saif/Documents/aigc_vul_patterns'
...
