---
MainSourceFile:  '/home/saif/Documents/aigc_vul_patterns/derived/cpp/gemma/gen_1/00002/0201_149_B._Martian_Clock.cpp'
Diagnostics:
  - DiagnosticName:  modernize-use-trailing-return-type
    DiagnosticMessage:
      Message:         use a trailing return type for this function
      FilePath:        '/home/saif/Documents/aigc_vul_patterns/derived/cpp/gemma/gen_1/00002/0201_149_B._Martian_Clock.cpp'
      FileOffset:      104
      Replacements:
        - FilePath:        '/home/saif/Documents/aigc_vul_patterns/derived/cpp/gemma/gen_1/00002/0201_149_B._Martian_Clock.cpp'
          Offset:          100
          Length:          3
          ReplacementText: auto
        - FilePath:        '/home/saif/Documents/aigc_vul_patterns/derived/cpp/gemma/gen_1/00002/0201_149_B._Martian_Clock.cpp'
          Offset:          110
          Length:          0
          ReplacementText: ' -> int'
    Level:           Warning
    BuildDirectory:  '/home/saif/Documents/aigc_vul_patterns'
  - DiagnosticName:  bugprone-empty-catch
    DiagnosticMessage:
      Message:         'empty catch statements hide issues; to handle exceptions appropriately, consider re-throwing, handling, or avoiding catch altogether'
      FilePath:        '/home/saif/Documents/aigc_vul_patterns/derived/cpp/gemma/gen_1/00002/0201_149_B._Martian_Clock.cpp'
      FileOffset:      1429
      Replacements:    []
    Level:           Warning
    BuildDirectory:  '/home/saif/Documents/aigc_vul_patterns'
  - DiagnosticName:  bugprone-branch-clone
    DiagnosticMessage:
      Message:         repeated branch body in conditional chain
      FilePath:        '/home/saif/Documents/aigc_vul_patterns/derived/cpp/gemma/gen_1/00002/0201_149_B._Martian_Clock.cpp'
      FileOffset:      1504
      Replacements:    []
    Notes:
      - Message:         end of the original
        FilePath:        '/home/saif/Documents/aigc_vul_patterns/derived/cpp/gemma/gen_1/00002/0201_149_B._Martian_Clock.cpp'
        FileOffset:      1538
        Replacements:    []
      - Message:         clone 1 starts here
        FilePath:        '/home/saif/Documents/aigc_vul_patterns/derived/cpp/gemma/gen_1/00002/0201_149_B._Martian_Clock.cpp'
        FileOffset:      1687
        Replacements:    []
    Level:           Warning
    BuildDirectory:  '/home/saif/Documents/aigc_vul_patterns'
  - DiagnosticName:  performance-avoid-endl
    DiagnosticMessage:
      Message:         'do not use ''endl'' with streams; use ''\n'' instead'
      FilePath:        '/home/saif/Documents/aigc_vul_patterns/derived/cpp/gemma/gen_1/00002/0201_149_B._Martian_Clock.cpp'
      FileOffset:      1527
      Replacements:
        - FilePath:        '/home/saif/Documents/aigc_vul_patterns/derived/cpp/gemma/gen_1/00002/0201_149_B._Martian_Clock.cpp'
          Offset:          1527
          Length:          4
          ReplacementText: '''\n'''
    Level:           Warning
    BuildDirectory:  '/home/saif/Documents/aigc_vul_patterns'
  - DiagnosticName:  performance-avoid-endl
    DiagnosticMessage:
      Message:         'do not use ''endl'' with streams; use ''\n'' instead'
      FilePath:        '/home/saif/Documents/aigc_vul_patterns/derived/cpp/gemma/gen_1/00002/0201_149_B._Martian_Clock.cpp'
      FileOffset:      1619
      Replacements:
        - FilePath:        '/home/saif/Documents/aigc_vul_patterns/derived/cpp/gemma/gen_1/00002/0201_149_B._Martian_Clock.cpp'
          Offset:          1619
          Length:          4
          ReplacementText: '''\n'''
    Level:           Warning
    BuildDirectory:  '/home/saif/Documents/aigc_vul_patterns'
  - DiagnosticName:  performance-avoid-endl
    DiagnosticMessage:
      Message:         'do not use ''endl'' with streams; use ''\n'' instead'
      FilePath:        '/home/saif/Documents/aigc_vul_patterns/derived/cpp/gemma/gen_1/00002/0201_149_B._Martian_Clock.cpp'
      FileOffset:      1710
      Replacements:
        - FilePath:        '/home/saif/Documents/aigc_vul_patterns/derived/cpp/gemma/gen_1/00002/0201_149_B._Martian_Clock.cpp'
          Offset:          1710
          Length:          4
          ReplacementText: '''\n'''
    Level:           Warning
    BuildDirectory:  '/home/saif/Documents/aigc_vul_patterns'
  - DiagnosticName:  performance-avoid-endl
    DiagnosticMessage:
      Message:         'do not use ''endl'' with streams; use ''\n'' instead'
      FilePath:        '/home/saif/Documents/aigc_vul_patterns/derived/cpp/gemma/gen_1/00002/0201_149_B._Martian_Clock.cpp'
      FileOffset:      1898
      Replacements:
        - FilePath:        '/home/saif/Documents/aigc_vul_patterns/derived/cpp/gemma/gen_1/00002/0201_149_B._Martian_Clock.cpp'
          Offset:          1898
          Length:          4
          ReplacementText: '''\n'''
    Level:           Warning
    BuildDirectory:  '/home/saif/Documents/aigc_vul_patterns'
...
