---
MainSourceFile:  '/home/saif/Documents/aigc_vul_patterns/derived/cpp/qwen/gen_2/00000_2/0051_868_A._Bark_to_Unlock.cpp'
Diagnostics:
  - DiagnosticName:  modernize-use-trailing-return-type
    DiagnosticMessage:
      Message:         use a trailing return type for this function
      FilePath:        '/home/saif/Documents/aigc_vul_patterns/derived/cpp/qwen/gen_2/00000_2/0051_868_A._Bark_to_Unlock.cpp'
      FileOffset:      51
      Replacements:
        - FilePath:        '/home/saif/Documents/aigc_vul_patterns/derived/cpp/qwen/gen_2/00000_2/0051_868_A._Bark_to_Unlock.cpp'
          Offset:          47
          Length:          3
          ReplacementText: auto
        - FilePath:        '/home/saif/Documents/aigc_vul_patterns/derived/cpp/qwen/gen_2/00000_2/0051_868_A._Bark_to_Unlock.cpp'
          Offset:          57
          Length:          0
          ReplacementText: ' -> int'
    Level:           Warning
    BuildDirectory:  '/home/saif/Documents/aigc_vul_patterns'
  - DiagnosticName:  modernize-loop-convert
    DiagnosticMessage:
      Message:         use range-based for loop instead
      FilePath:        '/home/saif/Documents/aigc_vul_patterns/derived/cpp/qwen/gen_2/00000_2/0051_868_A._Bark_to_Unlock.cpp'
      FileOffset:      321
      Replacements:
        - FilePath:        '/home/saif/Documents/aigc_vul_patterns/derived/cpp/qwen/gen_2/00000_2/0051_868_A._Bark_to_Unlock.cpp'
          Offset:          324
          Length:          53
          ReplacementText: '(const auto & word : words)'
        - FilePath:        '/home/saif/Documents/aigc_vul_patterns/derived/cpp/qwen/gen_2/00000_2/0051_868_A._Bark_to_Unlock.cpp'
          Offset:          416
          Length:          4
          ReplacementText: word
    Level:           Warning
    BuildDirectory:  '/home/saif/Documents/aigc_vul_patterns'
...
